{
  "lockfileVersion": 1,
  "configVersion": 1,
  "workspaces": {
    "": {
      "name": "email-poller-service",
      "dependencies": {
        "@prisma/client": "^6.11.1",
        "imapflow": "^1.3.2",
        "prisma": "^6.11.1",
      },
    },
  },
  "packages": {
    "@pinojs/redact": ["@pinojs/redact@0.4.0", "", {}, "sha512-k2ENnmBugE/rzQfEcdWHcCY+/FM3VLzH9cYEsbdsoqrvzAKRhUZeRNhAZvB8OitQJ1TBed3yqWtdjzS6wJKBwg=="],

    "@prisma/client": ["@prisma/client@6.19.3", "", { "peerDependencies": { "prisma": "*", "typescript": ">=5.1.0" }, "optionalPeers": ["prisma", "typescript"] }, "sha512-mKq3jQFhjvko5LTJFHGilsuQs+W+T3Gm451NzuTDGQxwCzwXHYnIu2zGkRoW+Exq3Rob7yp2MfzSrdIiZVhrBg=="],

    "@prisma/config": ["@prisma/config@6.19.3", "", { "dependencies": { "c12": "3.1.0", "deepmerge-ts": "7.1.5", "effect": "3.21.0", "empathic": "2.0.0" } }, "sha512-CBPT44BjlQxEt8kiMEauji2WHTDoVBOKl7UlewXmUgBPnr/oPRZC3psci5chJnYmH0ivEIog2OU9PGWoki3DLQ=="],

    "@prisma/debug": ["@prisma/debug@6.19.3", "", {}, "sha512-ljkJ+SgpXNktLG0Q/n4JGYCkKf0f8oYLyjImS2I8e2q2WCfdRRtWER062ZV/ixaNP2M2VKlWXVJiGzZaUgbKZw=="],

    "@prisma/engines": ["@prisma/engines@6.19.3", "", { "dependencies": { "@prisma/debug": "6.19.3", "@prisma/engines-version": "7.1.1-3.c2990dca591cba766e3b7ef5d9e8a84796e47ab7", "@prisma/fetch-engine": "6.19.3", "@prisma/get-platform": "6.19.3" } }, "sha512-RSYxtlYFl5pJ8ZePgMv0lZ9IzVCOdTPOegrs2qcbAEFrBI1G33h6wyC9kjQvo0DnYEhEVY0X4LsuFHXLKQk88g=="],

    "@prisma/engines-version": ["@prisma/engines-version@7.1.1-3.c2990dca591cba766e3b7ef5d9e8a84796e47ab7", "", {}, "sha512-03bgb1VD5gvuumNf+7fVGBzfpJPjmqV423l/WxsWk2cNQ42JD0/SsFBPhN6z8iAvdHs07/7ei77SKu7aZfq8bA=="],

    "@prisma/fetch-engine": ["@prisma/fetch-engine@6.19.3", "", { "dependencies": { "@prisma/debug": "6.19.3", "@prisma/engines-version": "7.1.1-3.c2990dca591cba766e3b7ef5d9e8a84796e47ab7", "@prisma/get-platform": "6.19.3" } }, "sha512-tKtl/qco9Nt7LU5iKhpultD8O4vMCZcU2CHjNTnRrL1QvSUr5W/GcyFPjNL87GtRrwBc7ubXXD9xy4EvLvt8JA=="],

    "@prisma/get-platform": ["@prisma/get-platform@6.19.3", "", { "dependencies": { "@prisma/debug": "6.19.3" } }, "sha512-xFj1VcJ1N3MKooOQAGO0W5tsd0W2QzIvW7DD7c/8H14Zmp4jseeWAITm+w2LLoLrlhoHdPPh0NMZ8mfL6puoHA=="],

    "@standard-schema/spec": ["@standard-schema/spec@1.1.0", "", {}, "sha512-l2aFy5jALhniG5HgqrD6jXLi/rUWrKvqN/qJx6yoJsgKhblVd+iqqU4RCXavm/jPityDo5TCvKMnpjKnOriy0w=="],

    "@zone-eu/mailsplit": ["@zone-eu/mailsplit@5.4.9", "", { "dependencies": { "libbase64": "1.3.0", "libmime": "5.3.8", "libqp": "2.1.1" } }, "sha512-Qq7k6FzA5SmGf5HFPcr17gE7M+O1gttlmWn7tlGUlhGsbbjUaBL/4cEWIwExeCzqu5+kyZJ91mcBZbQ9zEwwYA=="],

    "atomic-sleep": ["atomic-sleep@1.0.0", "", {}, "sha512-kNOjDqAh7px0XWNI+4QbzoiR/nTkHAWNud2uvnJquD1/x5a7EQZMJT0AczqK0Qn67oY/TTQ1LbUKajZpp3I9tQ=="],

    "c12": ["c12@3.1.0", "", { "dependencies": { "chokidar": "^4.0.3", "confbox": "^0.2.2", "defu": "^6.1.4", "dotenv": "^16.6.1", "exsolve": "^1.0.7", "giget": "^2.0.0", "jiti": "^2.4.2", "ohash": "^2.0.11", "pathe": "^2.0.3", "perfect-debounce": "^1.0.0", "pkg-types": "^2.2.0", "rc9": "^2.1.2" }, "peerDependencies": { "magicast": "^0.3.5" }, "optionalPeers": ["magicast"] }, "sha512-uWoS8OU1MEIsOv8p/5a82c3H31LsWVR5qiyXVfBNOzfffjUWtPnhAb4BYI2uG2HfGmZmFjCtui5XNWaps+iFuw=="],

    "chokidar": ["chokidar@4.0.3", "", { "dependencies": { "readdirp": "^4.0.1" } }, "sha512-Qgzu8kfBvo+cA4962jnP1KkS6Dop5NS6g7R5LFYJr4b8Ub94PPQXUksCw9PvXoeXPRRddRNC5C1JQUR2SMGtnA=="],

    "citty": ["citty@0.1.6", "", { "dependencies": { "consola": "^3.2.3" } }, "sha512-tskPPKEs8D2KPafUypv2gxwJP8h/OaJmC82QQGGDQcHvXX43xF2VDACcJVmZ0EuSxkpO9Kc4MlrA3q0+FG58AQ=="],

    "confbox": ["confbox@0.2.4", "", {}, "sha512-ysOGlgTFbN2/Y6Cg3Iye8YKulHw+R2fNXHrgSmXISQdMnomY6eNDprVdW9R5xBguEqI954+S6709UyiO7B+6OQ=="],

    "consola": ["consola@3.4.2", "", {}, "sha512-5IKcdX0nnYavi6G7TtOhwkYzyjfJlatbjMjuLSfE2kYT5pMDOilZ4OvMhi637CcDICTmz3wARPoyhqyX1Y+XvA=="],

    "deepmerge-ts": ["deepmerge-ts@7.1.5", "", {}, "sha512-HOJkrhaYsweh+W+e74Yn7YStZOilkoPb6fycpwNLKzSPtruFs48nYis0zy5yJz1+ktUhHxoRDJ27RQAWLIJVJw=="],

    "defu": ["defu@6.1.7", "", {}, "sha512-7z22QmUWiQ/2d0KkdYmANbRUVABpZ9SNYyH5vx6PZ+nE5bcC0l7uFvEfHlyld/HcGBFTL536ClDt3DEcSlEJAQ=="],

    "destr": ["destr@2.0.5", "", {}, "sha512-ugFTXCtDZunbzasqBxrK93Ik/DRYsO6S/fedkWEMKqt04xZ4csmnmwGDBAb07QWNaGMAmnTIemsYZCksjATwsA=="],

    "dotenv": ["dotenv@16.6.1", "", {}, "sha512-uBq4egWHTcTt33a72vpSG0z3HnPuIl6NqYcTrKEg2azoEyl2hpW0zqlxysq2pK9HlDIHyHyakeYaYnSAwd8bow=="],

    "effect": ["effect@3.21.0", "", { "dependencies": { "@standard-schema/spec": "^1.0.0", "fast-check": "^3.23.1" } }, "sha512-PPN80qRokCd1f015IANNhrwOnLO7GrrMQfk4/lnZRE/8j7UPWrNNjPV0uBrZutI/nHzernbW+J0hdqQysHiSnQ=="],

    "empathic": ["empathic@2.0.0", "", {}, "sha512-i6UzDscO/XfAcNYD75CfICkmfLedpyPDdozrLMmQc5ORaQcdMoc21OnlEylMIqI7U8eniKrPMxxtj8k0vhmJhA=="],

    "encoding-japanese": ["encoding-japanese@2.2.0", "", {}, "sha512-EuJWwlHPZ1LbADuKTClvHtwbaFn4rOD+dRAbWysqEOXRc2Uui0hJInNJrsdH0c+OhJA4nrCBdSkW4DD5YxAo6A=="],

    "exsolve": ["exsolve@1.0.8", "", {}, "sha512-LmDxfWXwcTArk8fUEnOfSZpHOJ6zOMUJKOtFLFqJLoKJetuQG874Uc7/Kki7zFLzYybmZhp1M7+98pfMqeX8yA=="],

    "fast-check": ["fast-check@3.23.2", "", { "dependencies": { "pure-rand": "^6.1.0" } }, "sha512-h5+1OzzfCC3Ef7VbtKdcv7zsstUQwUDlYpUTvjeUsJAssPgLn7QzbboPtL5ro04Mq0rPOsMzl7q5hIbRs2wD1A=="],

    "giget": ["giget@2.0.0", "", { "dependencies": { "citty": "^0.1.6", "consola": "^3.4.0", "defu": "^6.1.4", "node-fetch-native": "^1.6.6", "nypm": "^0.6.0", "pathe": "^2.0.3" }, "bin": { "giget": "dist/cli.mjs" } }, "sha512-L5bGsVkxJbJgdnwyuheIunkGatUF/zssUoxxjACCseZYAVbaqdh9Tsmmlkl8vYan09H7sbvKt4pS8GqKLBrEzA=="],

    "iconv-lite": ["iconv-lite@0.7.2", "", { "dependencies": { "safer-buffer": ">= 2.1.2 < 3.0.0" } }, "sha512-im9DjEDQ55s9fL4EYzOAv0yMqmMBSZp6G0VvFyTMPKWxiSBHUj9NW/qqLmXUwXrrM7AvqSlTCfvqRb0cM8yYqw=="],

    "imapflow": ["imapflow@1.3.2", "", { "dependencies": { "@zone-eu/mailsplit": "5.4.9", "encoding-japanese": "2.2.0", "iconv-lite": "0.7.2", "libbase64": "1.3.0", "libmime": "5.3.8", "libqp": "2.1.1", "nodemailer": "8.0.5", "pino": "10.3.1", "socks": "2.8.7" } }, "sha512-lIhVpjAf+o/1SELeR34vqeoEjAyBOMd6xq2Vdx2E4XIRwDi5sfqfBqqr5YkTwp7G/Q3f5ACpU7/zuGklJeCj9Q=="],

    "ip-address": ["ip-address@10.1.0", "", {}, "sha512-XXADHxXmvT9+CRxhXg56LJovE+bmWnEWB78LB83VZTprKTmaC5QfruXocxzTZ2Kl0DNwKuBdlIhjL8LeY8Sf8Q=="],

    "jiti": ["jiti@2.6.1", "", { "bin": { "jiti": "lib/jiti-cli.mjs" } }, "sha512-ekilCSN1jwRvIbgeg/57YFh8qQDNbwDb9xT/qu2DAHbFFZUicIl4ygVaAvzveMhMVr3LnpSKTNnwt8PoOfmKhQ=="],

    "libbase64": ["libbase64@1.3.0", "", {}, "sha512-GgOXd0Eo6phYgh0DJtjQ2tO8dc0IVINtZJeARPeiIJqge+HdsWSuaDTe8ztQ7j/cONByDZ3zeB325AHiv5O0dg=="],

    "libmime": ["libmime@5.3.8", "", { "dependencies": { "encoding-japanese": "2.2.0", "iconv-lite": "0.7.2", "libbase64": "1.3.0", "libqp": "2.1.1" } }, "sha512-ZrCY+Q66mPvasAfjsQ/IgahzoBvfE1VdtGRpo1hwRB1oK3wJKxhKA3GOcd2a6j7AH5eMFccxK9fBoCpRZTf8ng=="],

    "libqp": ["libqp@2.1.1", "", {}, "sha512-0Wd+GPz1O134cP62YU2GTOPNA7Qgl09XwCqM5zpBv87ERCXdfDtyKXvV7c9U22yWJh44QZqBocFnXN11K96qow=="],

    "node-fetch-native": ["node-fetch-native@1.6.7", "", {}, "sha512-g9yhqoedzIUm0nTnTqAQvueMPVOuIY16bqgAJJC8XOOubYFNwz6IER9qs0Gq2Xd0+CecCKFjtdDTMA4u4xG06Q=="],

    "nodemailer": ["nodemailer@8.0.5", "", {}, "sha512-0PF8Yb1yZuQfQbq+5/pZJrtF6WQcjTd5/S4JOHs9PGFxuTqoB/icwuB44pOdURHJbRKX1PPoJZtY7R4VUoCC8w=="],

    "nypm": ["nypm@0.6.5", "", { "dependencies": { "citty": "^0.2.0", "pathe": "^2.0.3", "tinyexec": "^1.0.2" }, "bin": { "nypm": "dist/cli.mjs" } }, "sha512-K6AJy1GMVyfyMXRVB88700BJqNUkByijGJM8kEHpLdcAt+vSQAVfkWWHYzuRXHSY6xA2sNc5RjTj0p9rE2izVQ=="],

    "ohash": ["ohash@2.0.11", "", {}, "sha512-RdR9FQrFwNBNXAr4GixM8YaRZRJ5PUWbKYbE5eOsrwAjJW0q2REGcf79oYPsLyskQCZG1PLN+S/K1V00joZAoQ=="],

    "on-exit-leak-free": ["on-exit-leak-free@2.1.2", "", {}, "sha512-0eJJY6hXLGf1udHwfNftBqH+g73EU4B504nZeKpz1sYRKafAghwxEJunB2O7rDZkL4PGfsMVnTXZ2EjibbqcsA=="],

    "pathe": ["pathe@2.0.3", "", {}, "sha512-WUjGcAqP1gQacoQe+OBJsFA7Ld4DyXuUIjZ5cc75cLHvJ7dtNsTugphxIADwspS+AraAUePCKrSVtPLFj/F88w=="],

    "perfect-debounce": ["perfect-debounce@1.0.0", "", {}, "sha512-xCy9V055GLEqoFaHoC1SoLIaLmWctgCUaBaWxDZ7/Zx4CTyX7cJQLJOok/orfjZAh9kEYpjJa4d0KcJmCbctZA=="],

    "pino": ["pino@10.3.1", "", { "dependencies": { "@pinojs/redact": "^0.4.0", "atomic-sleep": "^1.0.0", "on-exit-leak-free": "^2.1.0", "pino-abstract-transport": "^3.0.0", "pino-std-serializers": "^7.0.0", "process-warning": "^5.0.0", "quick-format-unescaped": "^4.0.3", "real-require": "^0.2.0", "safe-stable-stringify": "^2.3.1", "sonic-boom": "^4.0.1", "thread-stream": "^4.0.0" }, "bin": { "pino": "bin.js" } }, "sha512-r34yH/GlQpKZbU1BvFFqOjhISRo1MNx1tWYsYvmj6KIRHSPMT2+yHOEb1SG6NMvRoHRF0a07kCOox/9yakl1vg=="],

    "pino-abstract-transport": ["pino-abstract-transport@3.0.0", "", { "dependencies": { "split2": "^4.0.0" } }, "sha512-wlfUczU+n7Hy/Ha5j9a/gZNy7We5+cXp8YL+X+PG8S0KXxw7n/JXA3c46Y0zQznIJ83URJiwy7Lh56WLokNuxg=="],

    "pino-std-serializers": ["pino-std-serializers@7.1.0", "", {}, "sha512-BndPH67/JxGExRgiX1dX0w1FvZck5Wa4aal9198SrRhZjH3GxKQUKIBnYJTdj2HDN3UQAS06HlfcSbQj2OHmaw=="],

    "pkg-types": ["pkg-types@2.3.0", "", { "dependencies": { "confbox": "^0.2.2", "exsolve": "^1.0.7", "pathe": "^2.0.3" } }, "sha512-SIqCzDRg0s9npO5XQ3tNZioRY1uK06lA41ynBC1YmFTmnY6FjUjVt6s4LoADmwoig1qqD0oK8h1p/8mlMx8Oig=="],

    "prisma": ["prisma@6.19.3", "", { "dependencies": { "@prisma/config": "6.19.3", "@prisma/engines": "6.19.3" }, "peerDependencies": { "typescript": ">=5.1.0" }, "optionalPeers": ["typescript"], "bin": { "prisma": "build/index.js" } }, "sha512-++ZJ0ijLrDJF6hNB4t4uxg2br3fC4H9Yc9tcbjr2fcNFP3rh/SBNrAgjhsqBU4Ght8JPrVofG/ZkXfnSfnYsFg=="],

    "process-warning": ["process-warning@5.0.0", "", {}, "sha512-a39t9ApHNx2L4+HBnQKqxxHNs1r7KF+Intd8Q/g1bUh6q0WIp9voPXJ/x0j+ZL45KF1pJd9+q2jLIRMfvEshkA=="],

    "pure-rand": ["pure-rand@6.1.0", "", {}, "sha512-bVWawvoZoBYpp6yIoQtQXHZjmz35RSVHnUOTefl8Vcjr8snTPY1wnpSPMWekcFwbxI6gtmT7rSYPFvz71ldiOA=="],

    "quick-format-unescaped": ["quick-format-unescaped@4.0.4", "", {}, "sha512-tYC1Q1hgyRuHgloV/YXs2w15unPVh8qfu/qCTfhTYamaw7fyhumKa2yGpdSo87vY32rIclj+4fWYQXUMs9EHvg=="],

    "rc9": ["rc9@2.1.2", "", { "dependencies": { "defu": "^6.1.4", "destr": "^2.0.3" } }, "sha512-btXCnMmRIBINM2LDZoEmOogIZU7Qe7zn4BpomSKZ/ykbLObuBdvG+mFq11DL6fjH1DRwHhrlgtYWG96bJiC7Cg=="],

    "readdirp": ["readdirp@4.1.2", "", {}, "sha512-GDhwkLfywWL2s6vEjyhri+eXmfH6j1L7JE27WhqLeYzoh/A3DBaYGEj2H/HFZCn/kMfim73FXxEJTw06WtxQwg=="],

    "real-require": ["real-require@0.2.0", "", {}, "sha512-57frrGM/OCTLqLOAh0mhVA9VBMHd+9U7Zb2THMGdBUoZVOtGbJzjxsYGDJ3A9AYYCP4hn6y1TVbaOfzWtm5GFg=="],

    "safe-stable-stringify": ["safe-stable-stringify@2.5.0", "", {}, "sha512-b3rppTKm9T+PsVCBEOUR46GWI7fdOs00VKZ1+9c1EWDaDMvjQc6tUwuFyIprgGgTcWoVHSKrU8H31ZHA2e0RHA=="],

    "safer-buffer": ["safer-buffer@2.1.2", "", {}, "sha512-YZo3K82SD7Riyi0E1EQPojLz7kpepnSQI9IyPbHHg1XXXevb5dJI7tpyN2ADxGcQbHG7vcyRHk0cbwqcQriUtg=="],

    "smart-buffer": ["smart-buffer@4.2.0", "", {}, "sha512-94hK0Hh8rPqQl2xXc3HsaBoOXKV20MToPkcXvwbISWLEs+64sBq5kFgn2kJDHb1Pry9yrP0dxrCI9RRci7RXKg=="],

    "socks": ["socks@2.8.7", "", { "dependencies": { "ip-address": "^10.0.1", "smart-buffer": "^4.2.0" } }, "sha512-HLpt+uLy/pxB+bum/9DzAgiKS8CX1EvbWxI4zlmgGCExImLdiad2iCwXT5Z4c9c3Eq8rP2318mPW2c+QbtjK8A=="],

    "sonic-boom": ["sonic-boom@4.2.1", "", { "dependencies": { "atomic-sleep": "^1.0.0" } }, "sha512-w6AxtubXa2wTXAUsZMMWERrsIRAdrK0Sc+FUytWvYAhBJLyuI4llrMIC1DtlNSdI99EI86KZum2MMq3EAZlF9Q=="],

    "split2": ["split2@4.2.0", "", {}, "sha512-UcjcJOWknrNkF6PLX83qcHM6KHgVKNkV62Y8a5uYDVv9ydGQVwAHMKqHdJje1VTWpljG0WYpCDhrCdAOYH4TWg=="],

    "thread-stream": ["thread-stream@4.0.0", "", { "dependencies": { "real-require": "^0.2.0" } }, "sha512-4iMVL6HAINXWf1ZKZjIPcz5wYaOdPhtO8ATvZ+Xqp3BTdaqtAwQkNmKORqcIo5YkQqGXq5cwfswDwMqqQNrpJA=="],

    "tinyexec": ["tinyexec@1.1.1", "", {}, "sha512-VKS/ZaQhhkKFMANmAOhhXVoIfBXblQxGX1myCQ2faQrfmobMftXeJPcZGp0gS07ocvGJWDLZGyOZDadDBqYIJg=="],

    "nypm/citty": ["citty@0.2.2", "", {}, "sha512-+6vJA3L98yv+IdfKGZHBNiGW5KHn22e/JwID0Strsz8h4S/csAu/OuICwxrg44k5MRiZHWIo8XXuJgQTriRP4w=="],
  }
}
